{
  "nodes": {
    "home-manager": {
      "inputs": {
        "nixpkgs": [
          "nixpkgs"
        ]
      },
      "locked": {
        "lastModified": 1736066484,
        "narHash": "sha256-uTstP36WaFrw+TEHb8nLF14hFPzQBOhmIxzioHCDaL8=",
        "owner": "nix-community",
        "repo": "home-manager",
        "rev": "5ad12b6ea06b84e48f6b677957c74f32d47bdee0",
        "type": "github"
      },
      "original": {
        "owner": "nix-community",
        "repo": "home-manager",
        "type": "github"
      }
    },
    "nixpkgs": {
      "locked": {
        "lastModified": 1735834308,
        "narHash": "sha256-dklw3AXr3OGO4/XT1Tu3Xz9n/we8GctZZ75ZWVqAVhk=",
        "owner": "nixos",
        "repo": "nixpkgs",
        "rev": "6df24922a1400241dae323af55f30e4318a6ca65",
        "type": "github"
      },
      "original": {
        "owner": "nixos",
        "ref": "nixos-unstable",
        "repo": "nixpkgs",
        "type": "github"
      }
    },
    "root": {
      "inputs": {
        "home-manager": "home-manager",
        "nixpkgs": "nixpkgs"
      }
    }
  },
  "root": "root",
  "version": 7
}
